# This file is automatically @generated by Cargo.
# It is not intended for manual editing.
version = 4

[[package]]
name = "gamepad_input"
version = "0.1.0"
dependencies = [
 "windows_error_handling",
]

[[package]]
name = "windows_error_handling"
version = "0.1.0"
source = "git+https://github.com/NikhilNathanael/windows_error_handling#48f7673b4ffd0333d7716b4455f4d25a88515d15"
